
Microsoft Visual Studio Solution File, Format Version 12.00
# Visual Studio 2013
VisualStudioVersion = 12.0.31101.0
MinimumVisualStudioVersion = 10.0.40219.1
Project("{FAE04EC0-301F-11D3-BF4B-00C04F79EFBC}") = "MetadataWebApi", "MetadataWebApi\MetadataWebApi.csproj", "{B3A7B441-933E-49CF-B567-EF9D6C8333E5}"
EndProject
Project("{2150E333-8FDC-42A3-9474-1A3956D46DE8}") = "Solution Items", "Solution Items", "{CB89B19A-2982-408E-8EAC-6BAD0EFAE808}"
	ProjectSection(SolutionItems) = preProject
		Build.cmd = Build.cmd
		Experian.ico = Experian.ico
		FxCopDictionary.xml = FxCopDictionary.xml
		..\..\LICENSE = ..\..\LICENSE
		MetadataWebApi.msbuild = MetadataWebApi.msbuild
		MetadataWebApi.ruleset = MetadataWebApi.ruleset
		MetadataWebApi.snk = MetadataWebApi.snk
		MetadataWebApi.targets = MetadataWebApi.targets
		..\..\README.md = ..\..\README.md
		Settings.StyleCop = Settings.StyleCop
	EndProjectSection
EndProject
Project("{2150E333-8FDC-42A3-9474-1A3956D46DE8}") = "Tools", "Tools", "{E1292E0F-FAA1-4D92-B06C-92E1661F74A9}"
	ProjectSection(SolutionItems) = preProject
		Tools\NuGet\NuGet.config = Tools\NuGet\NuGet.config
		Tools\NuGet\NuGet.exe = Tools\NuGet\NuGet.exe
	EndProjectSection
EndProject
Project("{2150E333-8FDC-42A3-9474-1A3956D46DE8}") = "StyleCop", "StyleCop", "{E2F00DAF-E66E-484E-BAF9-4353A4270F8F}"
	ProjectSection(SolutionItems) = preProject
		Tools\StyleCop\CustomDictionary.en-US.xml = Tools\StyleCop\CustomDictionary.en-US.xml
		Tools\StyleCop\CustomDictionary.xml = Tools\StyleCop\CustomDictionary.xml
		Tools\StyleCop\mssp7en.dll = Tools\StyleCop\mssp7en.dll
		Tools\StyleCop\mssp7en.lex = Tools\StyleCop\mssp7en.lex
		Tools\StyleCop\StyleCop.CSharp.dll = Tools\StyleCop\StyleCop.CSharp.dll
		Tools\StyleCop\StyleCop.CSharp.Rules.dll = Tools\StyleCop\StyleCop.CSharp.Rules.dll
		Tools\StyleCop\StyleCop.dll = Tools\StyleCop\StyleCop.dll
		Tools\StyleCop\StyleCop.Targets = Tools\StyleCop\StyleCop.Targets
	EndProjectSection
EndProject
Project("{2150E333-8FDC-42A3-9474-1A3956D46DE8}") = "NuGet", "NuGet", "{137CD29F-91BE-4E16-A229-7B9321281179}"
	ProjectSection(SolutionItems) = preProject
		Tools\NuGet\NuGet.config = Tools\NuGet\NuGet.config
		Tools\NuGet\NuGet.exe = Tools\NuGet\NuGet.exe
	EndProjectSection
EndProject
Global
	GlobalSection(SolutionConfigurationPlatforms) = preSolution
		Debug|Any CPU = Debug|Any CPU
		Release|Any CPU = Release|Any CPU
	EndGlobalSection
	GlobalSection(ProjectConfigurationPlatforms) = postSolution
		{B3A7B441-933E-49CF-B567-EF9D6C8333E5}.Debug|Any CPU.ActiveCfg = Debug|Any CPU
		{B3A7B441-933E-49CF-B567-EF9D6C8333E5}.Debug|Any CPU.Build.0 = Debug|Any CPU
		{B3A7B441-933E-49CF-B567-EF9D6C8333E5}.Release|Any CPU.ActiveCfg = Release|Any CPU
		{B3A7B441-933E-49CF-B567-EF9D6C8333E5}.Release|Any CPU.Build.0 = Release|Any CPU
	EndGlobalSection
	GlobalSection(SolutionProperties) = preSolution
		HideSolutionNode = FALSE
	EndGlobalSection
	GlobalSection(NestedProjects) = preSolution
		{E1292E0F-FAA1-4D92-B06C-92E1661F74A9} = {CB89B19A-2982-408E-8EAC-6BAD0EFAE808}
		{E2F00DAF-E66E-484E-BAF9-4353A4270F8F} = {E1292E0F-FAA1-4D92-B06C-92E1661F74A9}
		{137CD29F-91BE-4E16-A229-7B9321281179} = {E1292E0F-FAA1-4D92-B06C-92E1661F74A9}
	EndGlobalSection
EndGlobal
